// !$*UTF8*$!
{
	archiveVersion = 1;
	classes = {
	};
	objectVersion = 50;
	objects = {

/* Begin PBXBuildFile section */
		376CC0A6260B7A6900E2FD72 /* nakaisanApp.swift in Sources */ = {isa = PBXBuildFile; fileRef = 376CC093260B7A6800E2FD72 /* nakaisanApp.swift */; };
		376CC0A7260B7A6900E2FD72 /* nakaisanApp.swift in Sources */ = {isa = PBXBuildFile; fileRef = 376CC093260B7A6800E2FD72 /* nakaisanApp.swift */; };
		376CC0A8260B7A6900E2FD72 /* ContentView.swift in Sources */ = {isa = PBXBuildFile; fileRef = 376CC094260B7A6800E2FD72 /* ContentView.swift */; };
		376CC0A9260B7A6900E2FD72 /* ContentView.swift in Sources */ = {isa = PBXBuildFile; fileRef = 376CC094260B7A6800E2FD72 /* ContentView.swift */; };
		376CC0AA260B7A6900E2FD72 /* Assets.xcassets in Resources */ = {isa = PBXBuildFile; fileRef = 376CC095260B7A6900E2FD72 /* Assets.xcassets */; };
		376CC0AB260B7A6900E2FD72 /* Assets.xcassets in Resources */ = {isa = PBXBuildFile; fileRef = 376CC095260B7A6900E2FD72 /* Assets.xcassets */; };
/* End PBXBuildFile section */

/* Begin PBXFileReference section */
		376CC093260B7A6800E2FD72 /* nakaisanApp.swift */ = {isa = PBXFileReference; lastKnownFileType = sourcecode.swift; path = nakaisanApp.swift; sourceTree = "<group>"; };
		376CC094260B7A6800E2FD72 /* ContentView.swift */ = {isa = PBXFileReference; lastKnownFileType = sourcecode.swift; path = ContentView.swift; sourceTree = "<group>"; };
		376CC095260B7A6900E2FD72 /* Assets.xcassets */ = {isa = PBXFileReference; lastKnownFileType = folder.assetcatalog; path = Assets.xcassets; sourceTree = "<group>"; };
		376CC09A260B7A6900E2FD72 /* nakaisan.app */ = {isa = PBXFileReference; explicitFileType = wrapper.application; includeInIndex = 0; path = nakaisan.app; sourceTree = BUILT_PRODUCTS_DIR; };
		376CC09D260B7A6900E2FD72 /* Info.plist */ = {isa = PBXFileReference; lastKnownFileType = text.plist.xml; path = Info.plist; sourceTree = "<group>"; };
		376CC0A2260B7A6900E2FD72 /* nakaisan.app */ = {isa = PBXFileReference; explicitFileType = wrapper.application; includeInIndex = 0; path = nakaisan.app; sourceTree = BUILT_PRODUCTS_DIR; };
		376CC0A4260B7A6900E2FD72 /* Info.plist */ = {isa = PBXFileReference; lastKnownFileType = text.plist.xml; path = Info.plist; sourceTree = "<group>"; };
		376CC0A5260B7A6900E2FD72 /* macOS.entitlements */ = {isa = PBXFileReference; lastKnownFileType = text.plist.entitlements; path = macOS.entitlements; sourceTree = "<group>"; };
/* End PBXFileReference section */

/* Begin PBXFrameworksBuildPhase section */
		376CC097260B7A6900E2FD72 /* Frameworks */ = {
			isa = PBXFrameworksBuildPhase;
			buildActionMask = 2147483647;
			files = (
			);
			runOnlyForDeploymentPostprocessing = 0;
		};
		376CC09F260B7A6900E2FD72 /* Frameworks */ = {
			isa = PBXFrameworksBuildPhase;
			buildActionMask = 2147483647;
			files = (
			);
			runOnlyForDeploymentPostprocessing = 0;
		};
/* End PBXFrameworksBuildPhase section */

/* Begin PBXGroup section */
		376CC08D260B7A6800E2FD72 = {
			isa = PBXGroup;
			children = (
				376CC092260B7A6800E2FD72 /* Shared */,
				376CC09C260B7A6900E2FD72 /* iOS */,
				376CC0A3260B7A6900E2FD72 /* macOS */,
				376CC09B260B7A6900E2FD72 /* Products */,
			);
			sourceTree = "<group>";
		};
		376CC092260B7A6800E2FD72 /* Shared */ = {
			isa = PBXGroup;
			children = (
				376CC093260B7A6800E2FD72 /* nakaisanApp.swift */,
				376CC094260B7A6800E2FD72 /* ContentView.swift */,
				376CC095260B7A6900E2FD72 /* Assets.xcassets */,
			);
			path = Shared;
			sourceTree = "<group>";
		};
		376CC09B260B7A6900E2FD72 /* Products */ = {
			isa = PBXGroup;
			children = (
				376CC09A260B7A6900E2FD72 /* nakaisan.app */,
				376CC0A2260B7A6900E2FD72 /* nakaisan.app */,
			);
			name = Products;
			sourceTree = "<group>";
		};
		376CC09C260B7A6900E2FD72 /* iOS */ = {
			isa = PBXGroup;
			children = (
				376CC09D260B7A6900E2FD72 /* Info.plist */,
			);
			path = iOS;
			sourceTree = "<group>";
		};
		376CC0A3260B7A6900E2FD72 /* macOS */ = {
			isa = PBXGroup;
			children = (
				376CC0A4260B7A6900E2FD72 /* Info.plist */,
				376CC0A5260B7A6900E2FD72 /* macOS.entitlements */,
			);
			path = macOS;
			sourceTree = "<group>";
		};
/* End PBXGroup section */

/* Begin PBXNativeTarget section */
		376CC099260B7A6900E2FD72 /* nakaisan (iOS) */ = {
			isa = PBXNativeTarget;
			buildConfigurationList = 376CC0AE260B7A6900E2FD72 /* Build configuration list for PBXNativeTarget "nakaisan (iOS)" */;
			buildPhases = (
				376CC096260B7A6900E2FD72 /* Sources */,
				376CC097260B7A6900E2FD72 /* Frameworks */,
				376CC098260B7A6900E2FD72 /* Resources */,
			);
			buildRules = (
			);
			dependencies = (
			);
			name = "nakaisan (iOS)";
			productName = "nakaisan (iOS)";
			productReference = 376CC09A260B7A6900E2FD72 /* nakaisan.app */;
			productType = "com.apple.product-type.application";
		};
		376CC0A1260B7A6900E2FD72 /* nakaisan (macOS) */ = {
			isa = PBXNativeTarget;
			buildConfigurationList = 376CC0B1260B7A6900E2FD72 /* Build configuration list for PBXNativeTarget "nakaisan (macOS)" */;
			buildPhases = (
				376CC09E260B7A6900E2FD72 /* Sources */,
				376CC09F260B7A6900E2FD72 /* Frameworks */,
				376CC0A0260B7A6900E2FD72 /* Resources */,
			);
			buildRules = (
			);
			dependencies = (
			);
			name = "nakaisan (macOS)";
			productName = "nakaisan (macOS)";
			productReference = 376CC0A2260B7A6900E2FD72 /* nakaisan.app */;
			productType = "com.apple.product-type.application";
		};
/* End PBXNativeTarget section */

/* Begin PBXProject section */
		376CC08E260B7A6800E2FD72 /* Project object */ = {
			isa = PBXProject;
			attributes = {
				LastSwiftUpdateCheck = 1240;
				LastUpgradeCheck = 1240;
				TargetAttributes = {
					376CC099260B7A6900E2FD72 = {
						CreatedOnToolsVersion = 12.4;
					};
					376CC0A1260B7A6900E2FD72 = {
						CreatedOnToolsVersion = 12.4;
					};
				};
			};
			buildConfigurationList = 376CC091260B7A6800E2FD72 /* Build configuration list for PBXProject "nakaisan" */;
			compatibilityVersion = "Xcode 9.3";
			developmentRegion = en;
			hasScannedForEncodings = 0;
			knownRegions = (
				en,
				Base,
			);
			mainGroup = 376CC08D260B7A6800E2FD72;
			productRefGroup = 376CC09B260B7A6900E2FD72 /* Products */;
			projectDirPath = "";
			projectRoot = "";
			targets = (
				376CC099260B7A6900E2FD72 /* nakaisan (iOS) */,
				376CC0A1260B7A6900E2FD72 /* nakaisan (macOS) */,
			);
		};
/* End PBXProject section */

/* Begin PBXResourcesBuildPhase section */
		376CC098260B7A6900E2FD72 /* Resources */ = {
			isa = PBXResourcesBuildPhase;
			buildActionMask = 2147483647;
			files = (
				376CC0AA260B7A6900E2FD72 /* Assets.xcassets in Resources */,
			);
			runOnlyForDeploymentPostprocessing = 0;
		};
		376CC0A0260B7A6900E2FD72 /* Resources */ = {
			isa = PBXResourcesBuildPhase;
			buildActionMask = 2147483647;
			files = (
				376CC0AB260B7A6900E2FD72 /* Assets.xcassets in Resources */,
			);
			runOnlyForDeploymentPostprocessing = 0;
		};
/* End PBXResourcesBuildPhase section */

/* Begin PBXSourcesBuildPhase section */
		376CC096260B7A6900E2FD72 /* Sources */ = {
			isa = PBXSourcesBuildPhase;
			buildActionMask = 2147483647;
			files = (
				376CC0A8260B7A6900E2FD72 /* ContentView.swift in Sources */,
				376CC0A6260B7A6900E2FD72 /* nakaisanApp.swift in Sources */,
			);
			runOnlyForDeploymentPostprocessing = 0;
		};
		376CC09E260B7A6900E2FD72 /* Sources */ = {
			isa = PBXSourcesBuildPhase;
			buildActionMask = 2147483647;
			files = (
				376CC0A9260B7A6900E2FD72 /* ContentView.swift in Sources */,
				376CC0A7260B7A6900E2FD72 /* nakaisanApp.swift in Sources */,
			);
			runOnlyForDeploymentPostprocessing = 0;
		};
/* End PBXSourcesBuildPhase section */

/* Begin XCBuildConfiguration section */
		376CC0AC260B7A6900E2FD72 /* Debug */ = {
			isa = XCBuildConfiguration;
			buildSettings = {
				ALWAYS_SEARCH_USER_PATHS = NO;
				CLANG_ANALYZER_NONNULL = YES;
				CLANG_ANALYZER_NUMBER_OBJECT_CONVERSION = YES_AGGRESSIVE;
				CLANG_CXX_LANGUAGE_STANDARD = "gnu++14";
				CLANG_CXX_LIBRARY = "libc++";
				CLANG_ENABLE_MODULES = YES;
				CLANG_ENABLE_OBJC_ARC = YES;
				CLANG_ENABLE_OBJC_WEAK = YES;
				CLANG_WARN_BLOCK_CAPTURE_AUTORELEASING = YES;
				CLANG_WARN_BOOL_CONVERSION = YES;
				CLANG_WARN_COMMA = YES;
				CLANG_WARN_CONSTANT_CONVERSION = YES;
				CLANG_WARN_DEPRECATED_OBJC_IMPLEMENTATIONS = YES;
				CLANG_WARN_DIRECT_OBJC_ISA_USAGE = YES_ERROR;
				CLANG_WARN_DOCUMENTATION_COMMENTS = YES;
				CLANG_WARN_EMPTY_BODY = YES;
				CLANG_WARN_ENUM_CONVERSION = YES;
				CLANG_WARN_INFINITE_RECURSION = YES;
				CLANG_WARN_INT_CONVERSION = YES;
				CLANG_WARN_NON_LITERAL_NULL_CONVERSION = YES;
				CLANG_WARN_OBJC_IMPLICIT_RETAIN_SELF = YES;
				CLANG_WARN_OBJC_LITERAL_CONVERSION = YES;
				CLANG_WARN_OBJC_ROOT_CLASS = YES_ERROR;
				CLANG_WARN_QUOTED_INCLUDE_IN_FRAMEWORK_HEADER = YES;
				CLANG_WARN_RANGE_LOOP_ANALYSIS = YES;
				CLANG_WARN_STRICT_PROTOTYPES = YES;
				CLANG_WARN_SUSPICIOUS_MOVE = YES;
				CLANG_WARN_UNGUARDED_AVAILABILITY = YES_AGGRESSIVE;
				CLANG_WARN_UNREACHABLE_CODE = YES;
				CLANG_WARN__DUPLICATE_METHOD_MATCH = YES;
				COPY_PHASE_STRIP = NO;
				DEBUG_INFORMATION_FORMAT = dwarf;
				ENABLE_STRICT_OBJC_MSGSEND = YES;
				ENABLE_TESTABILITY = YES;
				GCC_C_LANGUAGE_STANDARD = gnu11;
				GCC_DYNAMIC_NO_PIC = NO;
				GCC_NO_COMMON_BLOCKS = YES;
				GCC_OPTIMIZATION_LEVEL = 0;
				GCC_PREPROCESSOR_DEFINITIONS = (
					"DEBUG=1",
					"$(inherited)",
				);
				GCC_WARN_64_TO_32_BIT_CONVERSION = YES;
				GCC_WARN_ABOUT_RETURN_TYPE = YES_ERROR;
				GCC_WARN_UNDECLARED_SELECTOR = YES;
				GCC_WARN_UNINITIALIZED_AUTOS = YES_AGGRESSIVE;
				GCC_WARN_UNUSED_FUNCTION = YES;
				GCC_WARN_UNUSED_VARIABLE = YES;
				MTL_ENABLE_DEBUG_INFO = INCLUDE_SOURCE;
				MTL_FAST_MATH = YES;
				ONLY_ACTIVE_ARCH = YES;
				SWIFT_ACTIVE_COMPILATION_CONDITIONS = DEBUG;
				SWIFT_OPTIMIZATION_LEVEL = "-Onone";
			};
			name = Debug;
		};
		376CC0AD260B7A6900E2FD72 /* Release */ = {
			isa = XCBuildConfiguration;
			buildSettings = {
				ALWAYS_SEARCH_USER_PATHS = NO;
				CLANG_ANALYZER_NONNULL = YES;
				CLANG_ANALYZER_NUMBER_OBJECT_CONVERSION = YES_AGGRESSIVE;
				CLANG_CXX_LANGUAGE_STANDARD = "gnu++14";
				CLANG_CXX_LIBRARY = "libc++";
				CLANG_ENABLE_MODULES = YES;
				CLANG_ENABLE_OBJC_ARC = YES;
				CLANG_ENABLE_OBJC_WEAK = YES;
				CLANG_WARN_BLOCK_CAPTURE_AUTORELEASING = YES;
				CLANG_WARN_BOOL_CONVERSION = YES;
				CLANG_WARN_COMMA = YES;
				CLANG_WARN_CONSTANT_CONVERSION = YES;
				CLANG_WARN_DEPRECATED_OBJC_IMPLEMENTATIONS = YES;
				CLANG_WARN_DIRECT_OBJC_ISA_USAGE = YES_ERROR;
				CLANG_WARN_DOCUMENTATION_COMMENTS = YES;
				CLANG_WARN_EMPTY_BODY = YES;
				CLANG_WARN_ENUM_CONVERSION = YES;
				CLANG_WARN_INFINITE_RECURSION = YES;
				CLANG_WARN_INT_CONVERSION = YES;
				CLANG_WARN_NON_LITERAL_NULL_CONVERSION = YES;
				CLANG_WARN_OBJC_IMPLICIT_RETAIN_SELF = YES;
				CLANG_WARN_OBJC_LITERAL_CONVERSION = YES;
				CLANG_WARN_OBJC_ROOT_CLASS = YES_ERROR;
				CLANG_WARN_QUOTED_INCLUDE_IN_FRAMEWORK_HEADER = YES;
				CLANG_WARN_RANGE_LOOP_ANALYSIS = YES;
				CLANG_WARN_STRICT_PROTOTYPES = YES;
				CLANG_WARN_SUSPICIOUS_MOVE = YES;
				CLANG_WARN_UNGUARDED_AVAILABILITY = YES_AGGRESSIVE;
				CLANG_WARN_UNREACHABLE_CODE = YES;
				CLANG_WARN__DUPLICATE_METHOD_MATCH = YES;
				COPY_PHASE_STRIP = NO;
				DEBUG_INFORMATION_FORMAT = "dwarf-with-dsym";
				ENABLE_NS_ASSERTIONS = NO;
				ENABLE_STRICT_OBJC_MSGSEND = YES;
				GCC_C_LANGUAGE_STANDARD = gnu11;
				GCC_NO_COMMON_BLOCKS = YES;
				GCC_WARN_64_TO_32_BIT_CONVERSION = YES;
				GCC_WARN_ABOUT_RETURN_TYPE = YES_ERROR;
				GCC_WARN_UNDECLARED_SELECTOR = YES;
				GCC_WARN_UNINITIALIZED_AUTOS = YES_AGGRESSIVE;
				GCC_WARN_UNUSED_FUNCTION = YES;
				GCC_WARN_UNUSED_VARIABLE = YES;
				MTL_ENABLE_DEBUG_INFO = NO;
				MTL_FAST_MATH = YES;
				SWIFT_COMPILATION_MODE = wholemodule;
				SWIFT_OPTIMIZATION_LEVEL = "-O";
			};
			name = Release;
		};
		376CC0AF260B7A6900E2FD72 /* Debug */ = {
			isa = XCBuildConfiguration;
			buildSettings = {
				ASSETCATALOG_COMPILER_APPICON_NAME = AppIcon;
				ASSETCATALOG_COMPILER_GLOBAL_ACCENT_COLOR_NAME = AccentColor;
				CODE_SIGN_STYLE = Automatic;
				ENABLE_PREVIEWS = YES;
				INFOPLIST_FILE = iOS/Info.plist;
				IPHONEOS_DEPLOYMENT_TARGET = 14.0;
				LD_RUNPATH_SEARCH_PATHS = (
					"$(inherited)",
					"@executable_path/Frameworks",
				);
				PRODUCT_BUNDLE_IDENTIFIER = me.shoichi.nakaisan;
				PRODUCT_NAME = nakaisan;
				SDKROOT = iphoneos;
				SWIFT_VERSION = 5.0;
				TARGETED_DEVICE_FAMILY = "1,2";
			};
			name = Debug;
		};
		376CC0B0260B7A6900E2FD72 /* Release */ = {
			isa = XCBuildConfiguration;
			buildSettings = {
				ASSETCATALOG_COMPILER_APPICON_NAME = AppIcon;
				ASSETCATALOG_COMPILER_GLOBAL_ACCENT_COLOR_NAME = AccentColor;
				CODE_SIGN_STYLE = Automatic;
				ENABLE_PREVIEWS = YES;
				INFOPLIST_FILE = iOS/Info.plist;
				IPHONEOS_DEPLOYMENT_TARGET = 14.0;
				LD_RUNPATH_SEARCH_PATHS = (
					"$(inherited)",
					"@executable_path/Frameworks",
				);
				PRODUCT_BUNDLE_IDENTIFIER = me.shoichi.nakaisan;
				PRODUCT_NAME = nakaisan;
				SDKROOT = iphoneos;
				SWIFT_VERSION = 5.0;
				TARGETED_DEVICE_FAMILY = "1,2";
				VALIDATE_PRODUCT = YES;
			};
			name = Release;
		};
		376CC0B2260B7A6900E2FD72 /* Debug */ = {
			isa = XCBuildConfiguration;
			buildSettings = {
				ASSETCATALOG_COMPILER_APPICON_NAME = AppIcon;
				ASSETCATALOG_COMPILER_GLOBAL_ACCENT_COLOR_NAME = AccentColor;
				CODE_SIGN_ENTITLEMENTS = macOS/macOS.entitlements;
				CODE_SIGN_STYLE = Automatic;
				COMBINE_HIDPI_IMAGES = YES;
				ENABLE_PREVIEWS = YES;
				INFOPLIST_FILE = macOS/Info.plist;
				LD_RUNPATH_SEARCH_PATHS = (
					"$(inherited)",
					"@executable_path/../Frameworks",
				);
				MACOSX_DEPLOYMENT_TARGET = 11.0;
				PRODUCT_BUNDLE_IDENTIFIER = me.shoichi.nakaisan;
				PRODUCT_NAME = nakaisan;
				SDKROOT = macosx;
				SWIFT_VERSION = 5.0;
			};
			name = Debug;
		};
		376CC0B3260B7A6900E2FD72 /* Release */ = {
			isa = XCBuildConfiguration;
			buildSettings = {
				ASSETCATALOG_COMPILER_APPICON_NAME = AppIcon;
				ASSETCATALOG_COMPILER_GLOBAL_ACCENT_COLOR_NAME = AccentColor;
				CODE_SIGN_ENTITLEMENTS = macOS/macOS.entitlements;
				CODE_SIGN_STYLE = Automatic;
				COMBINE_HIDPI_IMAGES = YES;
				ENABLE_PREVIEWS = YES;
				INFOPLIST_FILE = macOS/Info.plist;
				LD_RUNPATH_SEARCH_PATHS = (
					"$(inherited)",
					"@executable_path/../Frameworks",
				);
				MACOSX_DEPLOYMENT_TARGET = 11.0;
				PRODUCT_BUNDLE_IDENTIFIER = me.shoichi.nakaisan;
				PRODUCT_NAME = nakaisan;
				SDKROOT = macosx;
				SWIFT_VERSION = 5.0;
			};
			name = Release;
		};
/* End XCBuildConfiguration section */

/* Begin XCConfigurationList section */
		376CC091260B7A6800E2FD72 /* Build configuration list for PBXProject "nakaisan" */ = {
			isa = XCConfigurationList;
			buildConfigurations = (
				376CC0AC260B7A6900E2FD72 /* Debug */,
				376CC0AD260B7A6900E2FD72 /* Release */,
			);
			defaultConfigurationIsVisible = 0;
			defaultConfigurationName = Release;
		};
		376CC0AE260B7A6900E2FD72 /* Build configuration list for PBXNativeTarget "nakaisan (iOS)" */ = {
			isa = XCConfigurationList;
			buildConfigurations = (
				376CC0AF260B7A6900E2FD72 /* Debug */,
				376CC0B0260B7A6900E2FD72 /* Release */,
			);
			defaultConfigurationIsVisible = 0;
			defaultConfigurationName = Release;
		};
		376CC0B1260B7A6900E2FD72 /* Build configuration list for PBXNativeTarget "nakaisan (macOS)" */ = {
			isa = XCConfigurationList;
			buildConfigurations = (
				376CC0B2260B7A6900E2FD72 /* Debug */,
				376CC0B3260B7A6900E2FD72 /* Release */,
			);
			defaultConfigurationIsVisible = 0;
			defaultConfigurationName = Release;
		};
/* End XCConfigurationList section */
	};
	rootObject = 376CC08E260B7A6800E2FD72 /* Project object */;
}
